
Microsoft Visual Studio Solution File, Format Version 12.00
# Visual Studio Version 17
VisualStudioVersion = 17.7.34202.233
MinimumVisualStudioVersion = 10.0.40219.1
Project("{FAE04EC0-301F-11D3-BF4B-00C04F79EFBC}") = "ProjetilTeste", "Angulo_sen_cos\ProjetilTeste.csproj", "{C393C6A5-286D-4335-AA29-D6FF157F6CC0}"
EndProject
Global
	GlobalSection(SolutionConfigurationPlatforms) = preSolution
		Debug|Any CPU = Debug|Any CPU
		Release|Any CPU = Release|Any CPU
	EndGlobalSection
	GlobalSection(ProjectConfigurationPlatforms) = postSolution
		{C393C6A5-286D-4335-AA29-D6FF157F6CC0}.Debug|Any CPU.ActiveCfg = Debug|Any CPU
		{C393C6A5-286D-4335-AA29-D6FF157F6CC0}.Debug|Any CPU.Build.0 = Debug|Any CPU
		{C393C6A5-286D-4335-AA29-D6FF157F6CC0}.Release|Any CPU.ActiveCfg = Release|Any CPU
		{C393C6A5-286D-4335-AA29-D6FF157F6CC0}.Release|Any CPU.Build.0 = Release|Any CPU
	EndGlobalSection
	GlobalSection(SolutionProperties) = preSolution
		HideSolutionNode = FALSE
	EndGlobalSection
	GlobalSection(ExtensibilityGlobals) = postSolution
		SolutionGuid = {89490528-D09E-4872-869E-FD689A59A8AA}
	EndGlobalSection
EndGlobal
